
Microsoft Visual Studio Solution File, Format Version 12.00
# Visual Studio 2012
Project("{FAE04EC0-301F-11D3-BF4B-00C04F79EFBC}") = "Stocks", "Stocks\Stocks.csproj", "{CC16705A-28C8-42BF-AE1F-4031FF9BE17A}"
EndProject
Project("{FAE04EC0-301F-11D3-BF4B-00C04F79EFBC}") = "Stocks.iOS", "iOS\Stocks.iOS.csproj", "{7D41EC85-1E87-47D3-80CB-0E9DB764A5E6}"
EndProject
Global
	GlobalSection(SolutionConfigurationPlatforms) = preSolution
		Debug|Any CPU = Debug|Any CPU
		Release|Any CPU = Release|Any CPU
		Debug|iPhoneSimulator = Debug|iPhoneSimulator
		Release|iPhone = Release|iPhone
		Release|iPhoneSimulator = Release|iPhoneSimulator
		Debug|iPhone = Debug|iPhone
	EndGlobalSection
	GlobalSection(ProjectConfigurationPlatforms) = postSolution
		{CC16705A-28C8-42BF-AE1F-4031FF9BE17A}.Debug|Any CPU.ActiveCfg = Debug|Any CPU
		{CC16705A-28C8-42BF-AE1F-4031FF9BE17A}.Debug|Any CPU.Build.0 = Debug|Any CPU
		{CC16705A-28C8-42BF-AE1F-4031FF9BE17A}.Release|Any CPU.ActiveCfg = Release|Any CPU
		{CC16705A-28C8-42BF-AE1F-4031FF9BE17A}.Release|Any CPU.Build.0 = Release|Any CPU
		{CC16705A-28C8-42BF-AE1F-4031FF9BE17A}.Debug|iPhoneSimulator.ActiveCfg = Debug|Any CPU
		{CC16705A-28C8-42BF-AE1F-4031FF9BE17A}.Debug|iPhoneSimulator.Build.0 = Debug|Any CPU
		{CC16705A-28C8-42BF-AE1F-4031FF9BE17A}.Release|iPhone.ActiveCfg = Release|Any CPU
		{CC16705A-28C8-42BF-AE1F-4031FF9BE17A}.Release|iPhone.Build.0 = Release|Any CPU
		{CC16705A-28C8-42BF-AE1F-4031FF9BE17A}.Release|iPhoneSimulator.ActiveCfg = Release|Any CPU
		{CC16705A-28C8-42BF-AE1F-4031FF9BE17A}.Release|iPhoneSimulator.Build.0 = Release|Any CPU
		{CC16705A-28C8-42BF-AE1F-4031FF9BE17A}.Debug|iPhone.ActiveCfg = Debug|Any CPU
		{CC16705A-28C8-42BF-AE1F-4031FF9BE17A}.Debug|iPhone.Build.0 = Debug|Any CPU
		{7D41EC85-1E87-47D3-80CB-0E9DB764A5E6}.Debug|Any CPU.ActiveCfg = Debug|iPhoneSimulator
		{7D41EC85-1E87-47D3-80CB-0E9DB764A5E6}.Debug|Any CPU.Build.0 = Debug|iPhoneSimulator
		{7D41EC85-1E87-47D3-80CB-0E9DB764A5E6}.Release|Any CPU.ActiveCfg = Release|iPhone
		{7D41EC85-1E87-47D3-80CB-0E9DB764A5E6}.Release|Any CPU.Build.0 = Release|iPhone
		{7D41EC85-1E87-47D3-80CB-0E9DB764A5E6}.Debug|iPhoneSimulator.ActiveCfg = Debug|iPhoneSimulator
		{7D41EC85-1E87-47D3-80CB-0E9DB764A5E6}.Debug|iPhoneSimulator.Build.0 = Debug|iPhoneSimulator
		{7D41EC85-1E87-47D3-80CB-0E9DB764A5E6}.Release|iPhone.ActiveCfg = Release|iPhone
		{7D41EC85-1E87-47D3-80CB-0E9DB764A5E6}.Release|iPhone.Build.0 = Release|iPhone
		{7D41EC85-1E87-47D3-80CB-0E9DB764A5E6}.Release|iPhoneSimulator.ActiveCfg = Release|iPhoneSimulator
		{7D41EC85-1E87-47D3-80CB-0E9DB764A5E6}.Release|iPhoneSimulator.Build.0 = Release|iPhoneSimulator
		{7D41EC85-1E87-47D3-80CB-0E9DB764A5E6}.Debug|iPhone.ActiveCfg = Debug|iPhone
		{7D41EC85-1E87-47D3-80CB-0E9DB764A5E6}.Debug|iPhone.Build.0 = Debug|iPhone
	EndGlobalSection
EndGlobal
